// !$*UTF8*$!
{
	archiveVersion = 1;
	classes = {
	};
	objectVersion = 50;
	objects = {

/* Begin PBXBuildFile section */
		56C2B0D6731D4B62717B1442 /* Pods_DatabaseSwiftTests.framework in Frameworks */ = {isa = PBXBuildFile; fileRef = 11EA4E64C7516DA61E9BC15F /* Pods_DatabaseSwiftTests.framework */; };
		7712D7C4CB68B216CAD8B185 /* Pods_DatabaseSwiftUITests.framework in Frameworks */ = {isa = PBXBuildFile; fileRef = BCA4CA4D45C5AFFFEA4BDB9F /* Pods_DatabaseSwiftUITests.framework */; };
		A470368B21CA4FC700063723 /* AppDelegate.swift in Sources */ = {isa = PBXBuildFile; fileRef = A470368A21CA4FC700063723 /* AppDelegate.swift */; };
		A470369221CA4FCB00063723 /* Assets.xcassets in Resources */ = {isa = PBXBuildFile; fileRef = A470369121CA4FCB00063723 /* Assets.xcassets */; };
		A470369521CA4FCB00063723 /* LaunchScreen.storyboard in Resources */ = {isa = PBXBuildFile; fileRef = A470369321CA4FCB00063723 /* LaunchScreen.storyboard */; };
		A47036A021CA4FCB00063723 /* DatabaseSwiftTests.swift in Sources */ = {isa = PBXBuildFile; fileRef = A470369F21CA4FCB00063723 /* DatabaseSwiftTests.swift */; };
		A47036AB21CA4FCB00063723 /* DatabaseSwiftUITests.swift in Sources */ = {isa = PBXBuildFile; fileRef = A47036AA21CA4FCB00063723 /* DatabaseSwiftUITests.swift */; };
		A47036BC21CA515C00063723 /* MainViewController.swift in Sources */ = {isa = PBXBuildFile; fileRef = A47036BA21CA515C00063723 /* MainViewController.swift */; };
		A47036BD21CA515C00063723 /* MainViewController.xib in Resources */ = {isa = PBXBuildFile; fileRef = A47036BB21CA515C00063723 /* MainViewController.xib */; };
		A47036C221CA51D700063723 /* TaskTableViewCell.swift in Sources */ = {isa = PBXBuildFile; fileRef = A47036C021CA51D700063723 /* TaskTableViewCell.swift */; };
		A47036C321CA51D700063723 /* TaskTableViewCell.xib in Resources */ = {isa = PBXBuildFile; fileRef = A47036C121CA51D700063723 /* TaskTableViewCell.xib */; };
		A47036C721CA536300063723 /* Task.swift in Sources */ = {isa = PBXBuildFile; fileRef = A47036C621CA536300063723 /* Task.swift */; };
		A47036CB21CA5A7E00063723 /* AddViewController.swift in Sources */ = {isa = PBXBuildFile; fileRef = A47036C921CA5A7E00063723 /* AddViewController.swift */; };
		A47036CC21CA5A7E00063723 /* AddViewController.xib in Resources */ = {isa = PBXBuildFile; fileRef = A47036CA21CA5A7E00063723 /* AddViewController.xib */; };
		A47036CF21CA64B900063723 /* Repository.swift in Sources */ = {isa = PBXBuildFile; fileRef = A47036CE21CA64B900063723 /* Repository.swift */; };
		A47036D221CA655100063723 /* LocalTaskRepository.swift in Sources */ = {isa = PBXBuildFile; fileRef = A47036D121CA655100063723 /* LocalTaskRepository.swift */; };
		A47036D521CA667000063723 /* TaskEntitiy.swift in Sources */ = {isa = PBXBuildFile; fileRef = A47036D421CA667000063723 /* TaskEntitiy.swift */; };
		A4C60C2421E8B63C00A17B8E /* GroupViewController.swift in Sources */ = {isa = PBXBuildFile; fileRef = A4C60C2221E8B63C00A17B8E /* GroupViewController.swift */; };
		A4C60C2521E8B63C00A17B8E /* GroupViewController.xib in Resources */ = {isa = PBXBuildFile; fileRef = A4C60C2321E8B63C00A17B8E /* GroupViewController.xib */; };
		A4C60C2921E8B65600A17B8E /* PlatesViewController.swift in Sources */ = {isa = PBXBuildFile; fileRef = A4C60C2721E8B65600A17B8E /* PlatesViewController.swift */; };
		A4C60C2A21E8B65600A17B8E /* PlatesViewController.xib in Resources */ = {isa = PBXBuildFile; fileRef = A4C60C2821E8B65600A17B8E /* PlatesViewController.xib */; };
		A4C60C2E21E8B9FF00A17B8E /* AddGroupViewController.swift in Sources */ = {isa = PBXBuildFile; fileRef = A4C60C2C21E8B9FF00A17B8E /* AddGroupViewController.swift */; };
		A4C60C2F21E8B9FF00A17B8E /* AddGroupViewController.xib in Resources */ = {isa = PBXBuildFile; fileRef = A4C60C2D21E8B9FF00A17B8E /* AddGroupViewController.xib */; };
		A4C60C3121E8BA7D00A17B8E /* Group.swift in Sources */ = {isa = PBXBuildFile; fileRef = A4C60C3021E8BA7D00A17B8E /* Group.swift */; };
		A4C60C3321E8C37E00A17B8E /* GroupRepository.swift in Sources */ = {isa = PBXBuildFile; fileRef = A4C60C3221E8C37E00A17B8E /* GroupRepository.swift */; };
		A4C60C3521E8C3BF00A17B8E /* GroupEntity.swift in Sources */ = {isa = PBXBuildFile; fileRef = A4C60C3421E8C3BF00A17B8E /* GroupEntity.swift */; };
		A4C60C3921E8C97400A17B8E /* GroupTableViewCell.swift in Sources */ = {isa = PBXBuildFile; fileRef = A4C60C3721E8C97400A17B8E /* GroupTableViewCell.swift */; };
		A4C60C3A21E8C97400A17B8E /* GroupTableViewCell.xib in Resources */ = {isa = PBXBuildFile; fileRef = A4C60C3821E8C97400A17B8E /* GroupTableViewCell.xib */; };
		A4C60C3E21E8D0FF00A17B8E /* FilteredViewController.swift in Sources */ = {isa = PBXBuildFile; fileRef = A4C60C3C21E8D0FF00A17B8E /* FilteredViewController.swift */; };
		A4C60C3F21E8D0FF00A17B8E /* FilteredViewController.xib in Resources */ = {isa = PBXBuildFile; fileRef = A4C60C3D21E8D0FF00A17B8E /* FilteredViewController.xib */; };
		B4E112BE7AC65CD211EC24B3 /* Pods_DatabaseSwift.framework in Frameworks */ = {isa = PBXBuildFile; fileRef = 68CE981962D85B421109772F /* Pods_DatabaseSwift.framework */; };
/* End PBXBuildFile section */

/* Begin PBXContainerItemProxy section */
		A470369C21CA4FCB00063723 /* PBXContainerItemProxy */ = {
			isa = PBXContainerItemProxy;
			containerPortal = A470367F21CA4FC700063723 /* Project object */;
			proxyType = 1;
			remoteGlobalIDString = A470368621CA4FC700063723;
			remoteInfo = DatabaseSwift;
		};
		A47036A721CA4FCB00063723 /* PBXContainerItemProxy */ = {
			isa = PBXContainerItemProxy;
			containerPortal = A470367F21CA4FC700063723 /* Project object */;
			proxyType = 1;
			remoteGlobalIDString = A470368621CA4FC700063723;
			remoteInfo = DatabaseSwift;
		};
/* End PBXContainerItemProxy section */

/* Begin PBXFileReference section */
		11EA4E64C7516DA61E9BC15F /* Pods_DatabaseSwiftTests.framework */ = {isa = PBXFileReference; explicitFileType = wrapper.framework; includeInIndex = 0; path = Pods_DatabaseSwiftTests.framework; sourceTree = BUILT_PRODUCTS_DIR; };
		3EAA4F663413F0CF78FCCE0A /* Pods-DatabaseSwift.release.xcconfig */ = {isa = PBXFileReference; includeInIndex = 1; lastKnownFileType = text.xcconfig; name = "Pods-DatabaseSwift.release.xcconfig"; path = "Pods/Target Support Files/Pods-DatabaseSwift/Pods-DatabaseSwift.release.xcconfig"; sourceTree = "<group>"; };
		68CE981962D85B421109772F /* Pods_DatabaseSwift.framework */ = {isa = PBXFileReference; explicitFileType = wrapper.framework; includeInIndex = 0; path = Pods_DatabaseSwift.framework; sourceTree = BUILT_PRODUCTS_DIR; };
		9B50C44EDA2F04CF37764043 /* Pods-DatabaseSwift.debug.xcconfig */ = {isa = PBXFileReference; includeInIndex = 1; lastKnownFileType = text.xcconfig; name = "Pods-DatabaseSwift.debug.xcconfig"; path = "Pods/Target Support Files/Pods-DatabaseSwift/Pods-DatabaseSwift.debug.xcconfig"; sourceTree = "<group>"; };
		9B8362B5D03584CF652394BE /* Pods-DatabaseSwiftTests.release.xcconfig */ = {isa = PBXFileReference; includeInIndex = 1; lastKnownFileType = text.xcconfig; name = "Pods-DatabaseSwiftTests.release.xcconfig"; path = "Pods/Target Support Files/Pods-DatabaseSwiftTests/Pods-DatabaseSwiftTests.release.xcconfig"; sourceTree = "<group>"; };
		9C9253225C21128B02C5C49D /* Pods-DatabaseSwiftTests.debug.xcconfig */ = {isa = PBXFileReference; includeInIndex = 1; lastKnownFileType = text.xcconfig; name = "Pods-DatabaseSwiftTests.debug.xcconfig"; path = "Pods/Target Support Files/Pods-DatabaseSwiftTests/Pods-DatabaseSwiftTests.debug.xcconfig"; sourceTree = "<group>"; };
		A470368721CA4FC700063723 /* DatabaseSwift.app */ = {isa = PBXFileReference; explicitFileType = wrapper.application; includeInIndex = 0; path = DatabaseSwift.app; sourceTree = BUILT_PRODUCTS_DIR; };
		A470368A21CA4FC700063723 /* AppDelegate.swift */ = {isa = PBXFileReference; lastKnownFileType = sourcecode.swift; path = AppDelegate.swift; sourceTree = "<group>"; };
		A470369121CA4FCB00063723 /* Assets.xcassets */ = {isa = PBXFileReference; lastKnownFileType = folder.assetcatalog; path = Assets.xcassets; sourceTree = "<group>"; };
		A470369421CA4FCB00063723 /* Base */ = {isa = PBXFileReference; lastKnownFileType = file.storyboard; name = Base; path = Base.lproj/LaunchScreen.storyboard; sourceTree = "<group>"; };
		A470369621CA4FCB00063723 /* Info.plist */ = {isa = PBXFileReference; lastKnownFileType = text.plist.xml; path = Info.plist; sourceTree = "<group>"; };
		A470369B21CA4FCB00063723 /* DatabaseSwiftTests.xctest */ = {isa = PBXFileReference; explicitFileType = wrapper.cfbundle; includeInIndex = 0; path = DatabaseSwiftTests.xctest; sourceTree = BUILT_PRODUCTS_DIR; };
		A470369F21CA4FCB00063723 /* DatabaseSwiftTests.swift */ = {isa = PBXFileReference; lastKnownFileType = sourcecode.swift; path = DatabaseSwiftTests.swift; sourceTree = "<group>"; };
		A47036A121CA4FCB00063723 /* Info.plist */ = {isa = PBXFileReference; lastKnownFileType = text.plist.xml; path = Info.plist; sourceTree = "<group>"; };
		A47036A621CA4FCB00063723 /* DatabaseSwiftUITests.xctest */ = {isa = PBXFileReference; explicitFileType = wrapper.cfbundle; includeInIndex = 0; path = DatabaseSwiftUITests.xctest; sourceTree = BUILT_PRODUCTS_DIR; };
		A47036AA21CA4FCB00063723 /* DatabaseSwiftUITests.swift */ = {isa = PBXFileReference; lastKnownFileType = sourcecode.swift; path = DatabaseSwiftUITests.swift; sourceTree = "<group>"; };
		A47036AC21CA4FCB00063723 /* Info.plist */ = {isa = PBXFileReference; lastKnownFileType = text.plist.xml; path = Info.plist; sourceTree = "<group>"; };
		A47036BA21CA515C00063723 /* MainViewController.swift */ = {isa = PBXFileReference; lastKnownFileType = sourcecode.swift; path = MainViewController.swift; sourceTree = "<group>"; };
		A47036BB21CA515C00063723 /* MainViewController.xib */ = {isa = PBXFileReference; lastKnownFileType = file.xib; path = MainViewController.xib; sourceTree = "<group>"; };
		A47036C021CA51D700063723 /* TaskTableViewCell.swift */ = {isa = PBXFileReference; lastKnownFileType = sourcecode.swift; path = TaskTableViewCell.swift; sourceTree = "<group>"; };
		A47036C121CA51D700063723 /* TaskTableViewCell.xib */ = {isa = PBXFileReference; lastKnownFileType = file.xib; path = TaskTableViewCell.xib; sourceTree = "<group>"; };
		A47036C621CA536300063723 /* Task.swift */ = {isa = PBXFileReference; lastKnownFileType = sourcecode.swift; path = Task.swift; sourceTree = "<group>"; };
		A47036C921CA5A7E00063723 /* AddViewController.swift */ = {isa = PBXFileReference; lastKnownFileType = sourcecode.swift; path = AddViewController.swift; sourceTree = "<group>"; };
		A47036CA21CA5A7E00063723 /* AddViewController.xib */ = {isa = PBXFileReference; lastKnownFileType = file.xib; path = AddViewController.xib; sourceTree = "<group>"; };
		A47036CE21CA64B900063723 /* Repository.swift */ = {isa = PBXFileReference; lastKnownFileType = sourcecode.swift; path = Repository.swift; sourceTree = "<group>"; };
		A47036D121CA655100063723 /* LocalTaskRepository.swift */ = {isa = PBXFileReference; lastKnownFileType = sourcecode.swift; path = LocalTaskRepository.swift; sourceTree = "<group>"; };
		A47036D421CA667000063723 /* TaskEntitiy.swift */ = {isa = PBXFileReference; lastKnownFileType = sourcecode.swift; path = TaskEntitiy.swift; sourceTree = "<group>"; };
		A4C60C2221E8B63C00A17B8E /* GroupViewController.swift */ = {isa = PBXFileReference; lastKnownFileType = sourcecode.swift; path = GroupViewController.swift; sourceTree = "<group>"; };
		A4C60C2321E8B63C00A17B8E /* GroupViewController.xib */ = {isa = PBXFileReference; lastKnownFileType = file.xib; path = GroupViewController.xib; sourceTree = "<group>"; };
		A4C60C2721E8B65600A17B8E /* PlatesViewController.swift */ = {isa = PBXFileReference; lastKnownFileType = sourcecode.swift; path = PlatesViewController.swift; sourceTree = "<group>"; };
		A4C60C2821E8B65600A17B8E /* PlatesViewController.xib */ = {isa = PBXFileReference; lastKnownFileType = file.xib; path = PlatesViewController.xib; sourceTree = "<group>"; };
		A4C60C2C21E8B9FF00A17B8E /* AddGroupViewController.swift */ = {isa = PBXFileReference; lastKnownFileType = sourcecode.swift; path = AddGroupViewController.swift; sourceTree = "<group>"; };
		A4C60C2D21E8B9FF00A17B8E /* AddGroupViewController.xib */ = {isa = PBXFileReference; lastKnownFileType = file.xib; path = AddGroupViewController.xib; sourceTree = "<group>"; };
		A4C60C3021E8BA7D00A17B8E /* Group.swift */ = {isa = PBXFileReference; lastKnownFileType = sourcecode.swift; path = Group.swift; sourceTree = "<group>"; };
		A4C60C3221E8C37E00A17B8E /* GroupRepository.swift */ = {isa = PBXFileReference; lastKnownFileType = sourcecode.swift; path = GroupRepository.swift; sourceTree = "<group>"; };
		A4C60C3421E8C3BF00A17B8E /* GroupEntity.swift */ = {isa = PBXFileReference; lastKnownFileType = sourcecode.swift; path = GroupEntity.swift; sourceTree = "<group>"; };
		A4C60C3721E8C97400A17B8E /* GroupTableViewCell.swift */ = {isa = PBXFileReference; lastKnownFileType = sourcecode.swift; path = GroupTableViewCell.swift; sourceTree = "<group>"; };
		A4C60C3821E8C97400A17B8E /* GroupTableViewCell.xib */ = {isa = PBXFileReference; lastKnownFileType = file.xib; path = GroupTableViewCell.xib; sourceTree = "<group>"; };
		A4C60C3C21E8D0FF00A17B8E /* FilteredViewController.swift */ = {isa = PBXFileReference; lastKnownFileType = sourcecode.swift; path = FilteredViewController.swift; sourceTree = "<group>"; };
		A4C60C3D21E8D0FF00A17B8E /* FilteredViewController.xib */ = {isa = PBXFileReference; lastKnownFileType = file.xib; path = FilteredViewController.xib; sourceTree = "<group>"; };
		BCA4CA4D45C5AFFFEA4BDB9F /* Pods_DatabaseSwiftUITests.framework */ = {isa = PBXFileReference; explicitFileType = wrapper.framework; includeInIndex = 0; path = Pods_DatabaseSwiftUITests.framework; sourceTree = BUILT_PRODUCTS_DIR; };
		E62F64D509B4D59C6DBF5D0E /* Pods-DatabaseSwiftUITests.release.xcconfig */ = {isa = PBXFileReference; includeInIndex = 1; lastKnownFileType = text.xcconfig; name = "Pods-DatabaseSwiftUITests.release.xcconfig"; path = "Pods/Target Support Files/Pods-DatabaseSwiftUITests/Pods-DatabaseSwiftUITests.release.xcconfig"; sourceTree = "<group>"; };
		FF9CC1FD29EEB19F30ADBA2C /* Pods-DatabaseSwiftUITests.debug.xcconfig */ = {isa = PBXFileReference; includeInIndex = 1; lastKnownFileType = text.xcconfig; name = "Pods-DatabaseSwiftUITests.debug.xcconfig"; path = "Pods/Target Support Files/Pods-DatabaseSwiftUITests/Pods-DatabaseSwiftUITests.debug.xcconfig"; sourceTree = "<group>"; };
/* End PBXFileReference section */

/* Begin PBXFrameworksBuildPhase section */
		A470368421CA4FC700063723 /* Frameworks */ = {
			isa = PBXFrameworksBuildPhase;
			buildActionMask = 2147483647;
			files = (
				B4E112BE7AC65CD211EC24B3 /* Pods_DatabaseSwift.framework in Frameworks */,
			);
			runOnlyForDeploymentPostprocessing = 0;
		};
		A470369821CA4FCB00063723 /* Frameworks */ = {
			isa = PBXFrameworksBuildPhase;
			buildActionMask = 2147483647;
			files = (
				56C2B0D6731D4B62717B1442 /* Pods_DatabaseSwiftTests.framework in Frameworks */,
			);
			runOnlyForDeploymentPostprocessing = 0;
		};
		A47036A321CA4FCB00063723 /* Frameworks */ = {
			isa = PBXFrameworksBuildPhase;
			buildActionMask = 2147483647;
			files = (
				7712D7C4CB68B216CAD8B185 /* Pods_DatabaseSwiftUITests.framework in Frameworks */,
			);
			runOnlyForDeploymentPostprocessing = 0;
		};
/* End PBXFrameworksBuildPhase section */

/* Begin PBXGroup section */
		5A05D842F1FD0FBE965E0053 /* Frameworks */ = {
			isa = PBXGroup;
			children = (
				68CE981962D85B421109772F /* Pods_DatabaseSwift.framework */,
				11EA4E64C7516DA61E9BC15F /* Pods_DatabaseSwiftTests.framework */,
				BCA4CA4D45C5AFFFEA4BDB9F /* Pods_DatabaseSwiftUITests.framework */,
			);
			name = Frameworks;
			sourceTree = "<group>";
		};
		A470367E21CA4FC700063723 = {
			isa = PBXGroup;
			children = (
				A470368921CA4FC700063723 /* DatabaseSwift */,
				A470369E21CA4FCB00063723 /* DatabaseSwiftTests */,
				A47036A921CA4FCB00063723 /* DatabaseSwiftUITests */,
				A470368821CA4FC700063723 /* Products */,
				DABCA4DC5130F6B89684FABE /* Pods */,
				5A05D842F1FD0FBE965E0053 /* Frameworks */,
			);
			sourceTree = "<group>";
		};
		A470368821CA4FC700063723 /* Products */ = {
			isa = PBXGroup;
			children = (
				A470368721CA4FC700063723 /* DatabaseSwift.app */,
				A470369B21CA4FCB00063723 /* DatabaseSwiftTests.xctest */,
				A47036A621CA4FCB00063723 /* DatabaseSwiftUITests.xctest */,
			);
			name = Products;
			sourceTree = "<group>";
		};
		A470368921CA4FC700063723 /* DatabaseSwift */ = {
			isa = PBXGroup;
			children = (
				A47036D321CA665D00063723 /* Entities */,
				A47036CD21CA649B00063723 /* Repositories */,
				A47036C421CA534000063723 /* Models */,
				A47036BE21CA51B300063723 /* Cells */,
				A47036B821CA513500063723 /* ViewControllers */,
				A470368A21CA4FC700063723 /* AppDelegate.swift */,
				A470369121CA4FCB00063723 /* Assets.xcassets */,
				A470369321CA4FCB00063723 /* LaunchScreen.storyboard */,
				A470369621CA4FCB00063723 /* Info.plist */,
			);
			path = DatabaseSwift;
			sourceTree = "<group>";
		};
		A470369E21CA4FCB00063723 /* DatabaseSwiftTests */ = {
			isa = PBXGroup;
			children = (
				A470369F21CA4FCB00063723 /* DatabaseSwiftTests.swift */,
				A47036A121CA4FCB00063723 /* Info.plist */,
			);
			path = DatabaseSwiftTests;
			sourceTree = "<group>";
		};
		A47036A921CA4FCB00063723 /* DatabaseSwiftUITests */ = {
			isa = PBXGroup;
			children = (
				A47036AA21CA4FCB00063723 /* DatabaseSwiftUITests.swift */,
				A47036AC21CA4FCB00063723 /* Info.plist */,
			);
			path = DatabaseSwiftUITests;
			sourceTree = "<group>";
		};
		A47036B821CA513500063723 /* ViewControllers */ = {
			isa = PBXGroup;
			children = (
				A4C60C3B21E8D0E100A17B8E /* FilteredViewController */,
				A4C60C2B21E8B9E000A17B8E /* AddGroupViewController */,
				A4C60C2121E8B61C00A17B8E /* PlatesViewController */,
				A4C60C2021E8B10200A17B8E /* GroupViewController */,
				A47036C821CA5A5D00063723 /* AddViewController */,
				A47036B921CA514000063723 /* MainViewControllers */,
			);
			path = ViewControllers;
			sourceTree = "<group>";
		};
		A47036B921CA514000063723 /* MainViewControllers */ = {
			isa = PBXGroup;
			children = (
				A47036BA21CA515C00063723 /* MainViewController.swift */,
				A47036BB21CA515C00063723 /* MainViewController.xib */,
			);
			path = MainViewControllers;
			sourceTree = "<group>";
		};
		A47036BE21CA51B300063723 /* Cells */ = {
			isa = PBXGroup;
			children = (
				A4C60C3621E8C95100A17B8E /* GroupCell */,
				A47036BF21CA51BF00063723 /* TaskCell */,
			);
			path = Cells;
			sourceTree = "<group>";
		};
		A47036BF21CA51BF00063723 /* TaskCell */ = {
			isa = PBXGroup;
			children = (
				A47036C021CA51D700063723 /* TaskTableViewCell.swift */,
				A47036C121CA51D700063723 /* TaskTableViewCell.xib */,
			);
			path = TaskCell;
			sourceTree = "<group>";
		};
		A47036C421CA534000063723 /* Models */ = {
			isa = PBXGroup;
			children = (
				A47036C521CA534600063723 /* Task */,
			);
			path = Models;
			sourceTree = "<group>";
		};
		A47036C521CA534600063723 /* Task */ = {
			isa = PBXGroup;
			children = (
				A47036C621CA536300063723 /* Task.swift */,
				A4C60C3021E8BA7D00A17B8E /* Group.swift */,
			);
			path = Task;
			sourceTree = "<group>";
		};
		A47036C821CA5A5D00063723 /* AddViewController */ = {
			isa = PBXGroup;
			children = (
				A47036C921CA5A7E00063723 /* AddViewController.swift */,
				A47036CA21CA5A7E00063723 /* AddViewController.xib */,
			);
			path = AddViewController;
			sourceTree = "<group>";
		};
		A47036CD21CA649B00063723 /* Repositories */ = {
			isa = PBXGroup;
			children = (
				A47036D121CA655100063723 /* LocalTaskRepository.swift */,
				A47036CE21CA64B900063723 /* Repository.swift */,
				A4C60C3221E8C37E00A17B8E /* GroupRepository.swift */,
			);
			path = Repositories;
			sourceTree = "<group>";
		};
		A47036D321CA665D00063723 /* Entities */ = {
			isa = PBXGroup;
			children = (
				A47036D421CA667000063723 /* TaskEntitiy.swift */,
				A4C60C3421E8C3BF00A17B8E /* GroupEntity.swift */,
			);
			path = Entities;
			sourceTree = "<group>";
		};
		A4C60C2021E8B10200A17B8E /* GroupViewController */ = {
			isa = PBXGroup;
			children = (
				A4C60C2221E8B63C00A17B8E /* GroupViewController.swift */,
				A4C60C2321E8B63C00A17B8E /* GroupViewController.xib */,
			);
			path = GroupViewController;
			sourceTree = "<group>";
		};
		A4C60C2121E8B61C00A17B8E /* PlatesViewController */ = {
			isa = PBXGroup;
			children = (
				A4C60C2721E8B65600A17B8E /* PlatesViewController.swift */,
				A4C60C2821E8B65600A17B8E /* PlatesViewController.xib */,
			);
			path = PlatesViewController;
			sourceTree = "<group>";
		};
		A4C60C2B21E8B9E000A17B8E /* AddGroupViewController */ = {
			isa = PBXGroup;
			children = (
				A4C60C2C21E8B9FF00A17B8E /* AddGroupViewController.swift */,
				A4C60C2D21E8B9FF00A17B8E /* AddGroupViewController.xib */,
			);
			path = AddGroupViewController;
			sourceTree = "<group>";
		};
		A4C60C3621E8C95100A17B8E /* GroupCell */ = {
			isa = PBXGroup;
			children = (
				A4C60C3721E8C97400A17B8E /* GroupTableViewCell.swift */,
				A4C60C3821E8C97400A17B8E /* GroupTableViewCell.xib */,
			);
			path = GroupCell;
			sourceTree = "<group>";
		};
		A4C60C3B21E8D0E100A17B8E /* FilteredViewController */ = {
			isa = PBXGroup;
			children = (
				A4C60C3C21E8D0FF00A17B8E /* FilteredViewController.swift */,
				A4C60C3D21E8D0FF00A17B8E /* FilteredViewController.xib */,
			);
			path = FilteredViewController;
			sourceTree = "<group>";
		};
		DABCA4DC5130F6B89684FABE /* Pods */ = {
			isa = PBXGroup;
			children = (
				9B50C44EDA2F04CF37764043 /* Pods-DatabaseSwift.debug.xcconfig */,
				3EAA4F663413F0CF78FCCE0A /* Pods-DatabaseSwift.release.xcconfig */,
				9C9253225C21128B02C5C49D /* Pods-DatabaseSwiftTests.debug.xcconfig */,
				9B8362B5D03584CF652394BE /* Pods-DatabaseSwiftTests.release.xcconfig */,
				FF9CC1FD29EEB19F30ADBA2C /* Pods-DatabaseSwiftUITests.debug.xcconfig */,
				E62F64D509B4D59C6DBF5D0E /* Pods-DatabaseSwiftUITests.release.xcconfig */,
			);
			name = Pods;
			sourceTree = "<group>";
		};
/* End PBXGroup section */

/* Begin PBXNativeTarget section */
		A470368621CA4FC700063723 /* DatabaseSwift */ = {
			isa = PBXNativeTarget;
			buildConfigurationList = A47036AF21CA4FCB00063723 /* Build configuration list for PBXNativeTarget "DatabaseSwift" */;
			buildPhases = (
				0AAB7A93CEF1CB008D23149F /* [CP] Check Pods Manifest.lock */,
				A470368321CA4FC700063723 /* Sources */,
				A470368421CA4FC700063723 /* Frameworks */,
				A470368521CA4FC700063723 /* Resources */,
				AC5575A3F48D67C3F072424C /* [CP] Embed Pods Frameworks */,
			);
			buildRules = (
			);
			dependencies = (
			);
			name = DatabaseSwift;
			productName = DatabaseSwift;
			productReference = A470368721CA4FC700063723 /* DatabaseSwift.app */;
			productType = "com.apple.product-type.application";
		};
		A470369A21CA4FCB00063723 /* DatabaseSwiftTests */ = {
			isa = PBXNativeTarget;
			buildConfigurationList = A47036B221CA4FCB00063723 /* Build configuration list for PBXNativeTarget "DatabaseSwiftTests" */;
			buildPhases = (
				97C8644A77405C7104A38371 /* [CP] Check Pods Manifest.lock */,
				A470369721CA4FCB00063723 /* Sources */,
				A470369821CA4FCB00063723 /* Frameworks */,
				A470369921CA4FCB00063723 /* Resources */,
			);
			buildRules = (
			);
			dependencies = (
				A470369D21CA4FCB00063723 /* PBXTargetDependency */,
			);
			name = DatabaseSwiftTests;
			productName = DatabaseSwiftTests;
			productReference = A470369B21CA4FCB00063723 /* DatabaseSwiftTests.xctest */;
			productType = "com.apple.product-type.bundle.unit-test";
		};
		A47036A521CA4FCB00063723 /* DatabaseSwiftUITests */ = {
			isa = PBXNativeTarget;
			buildConfigurationList = A47036B521CA4FCB00063723 /* Build configuration list for PBXNativeTarget "DatabaseSwiftUITests" */;
			buildPhases = (
				C0951F4D4668E6300E306568 /* [CP] Check Pods Manifest.lock */,
				A47036A221CA4FCB00063723 /* Sources */,
				A47036A321CA4FCB00063723 /* Frameworks */,
				A47036A421CA4FCB00063723 /* Resources */,
			);
			buildRules = (
			);
			dependencies = (
				A47036A821CA4FCB00063723 /* PBXTargetDependency */,
			);
			name = DatabaseSwiftUITests;
			productName = DatabaseSwiftUITests;
			productReference = A47036A621CA4FCB00063723 /* DatabaseSwiftUITests.xctest */;
			productType = "com.apple.product-type.bundle.ui-testing";
		};
/* End PBXNativeTarget section */

/* Begin PBXProject section */
		A470367F21CA4FC700063723 /* Project object */ = {
			isa = PBXProject;
			attributes = {
				LastSwiftUpdateCheck = 0930;
				LastUpgradeCheck = 0930;
				ORGANIZATIONNAME = "JOAQUIN DIAZ RAMIREZ";
				TargetAttributes = {
					A470368621CA4FC700063723 = {
						CreatedOnToolsVersion = 9.3;
					};
					A470369A21CA4FCB00063723 = {
						CreatedOnToolsVersion = 9.3;
						TestTargetID = A470368621CA4FC700063723;
					};
					A47036A521CA4FCB00063723 = {
						CreatedOnToolsVersion = 9.3;
						TestTargetID = A470368621CA4FC700063723;
					};
				};
			};
			buildConfigurationList = A470368221CA4FC700063723 /* Build configuration list for PBXProject "DatabaseSwift" */;
			compatibilityVersion = "Xcode 9.3";
			developmentRegion = en;
			hasScannedForEncodings = 0;
			knownRegions = (
				en,
				Base,
			);
			mainGroup = A470367E21CA4FC700063723;
			productRefGroup = A470368821CA4FC700063723 /* Products */;
			projectDirPath = "";
			projectRoot = "";
			targets = (
				A470368621CA4FC700063723 /* DatabaseSwift */,
				A470369A21CA4FCB00063723 /* DatabaseSwiftTests */,
				A47036A521CA4FCB00063723 /* DatabaseSwiftUITests */,
			);
		};
/* End PBXProject section */

/* Begin PBXResourcesBuildPhase section */
		A470368521CA4FC700063723 /* Resources */ = {
			isa = PBXResourcesBuildPhase;
			buildActionMask = 2147483647;
			files = (
				A4C60C2F21E8B9FF00A17B8E /* AddGroupViewController.xib in Resources */,
				A4C60C3A21E8C97400A17B8E /* GroupTableViewCell.xib in Resources */,
				A4C60C2521E8B63C00A17B8E /* GroupViewController.xib in Resources */,
				A47036C321CA51D700063723 /* TaskTableViewCell.xib in Resources */,
				A470369521CA4FCB00063723 /* LaunchScreen.storyboard in Resources */,
				A47036CC21CA5A7E00063723 /* AddViewController.xib in Resources */,
				A4C60C2A21E8B65600A17B8E /* PlatesViewController.xib in Resources */,
				A47036BD21CA515C00063723 /* MainViewController.xib in Resources */,
				A470369221CA4FCB00063723 /* Assets.xcassets in Resources */,
				A4C60C3F21E8D0FF00A17B8E /* FilteredViewController.xib in Resources */,
			);
			runOnlyForDeploymentPostprocessing = 0;
		};
		A470369921CA4FCB00063723 /* Resources */ = {
			isa = PBXResourcesBuildPhase;
			buildActionMask = 2147483647;
			files = (
			);
			runOnlyForDeploymentPostprocessing = 0;
		};
		A47036A421CA4FCB00063723 /* Resources */ = {
			isa = PBXResourcesBuildPhase;
			buildActionMask = 2147483647;
			files = (
			);
			runOnlyForDeploymentPostprocessing = 0;
		};
/* End PBXResourcesBuildPhase section */

/* Begin PBXShellScriptBuildPhase section */
		0AAB7A93CEF1CB008D23149F /* [CP] Check Pods Manifest.lock */ = {
			isa = PBXShellScriptBuildPhase;
			buildActionMask = 2147483647;
			files = (
			);
			inputPaths = (
				"${PODS_PODFILE_DIR_PATH}/Podfile.lock",
				"${PODS_ROOT}/Manifest.lock",
			);
			name = "[CP] Check Pods Manifest.lock";
			outputPaths = (
				"$(DERIVED_FILE_DIR)/Pods-DatabaseSwift-checkManifestLockResult.txt",
			);
			runOnlyForDeploymentPostprocessing = 0;
			shellPath = /bin/sh;
			shellScript = "diff \"${PODS_PODFILE_DIR_PATH}/Podfile.lock\" \"${PODS_ROOT}/Manifest.lock\" > /dev/null\nif [ $? != 0 ] ; then\n    # print error to STDERR\n    echo \"error: The sandbox is not in sync with the Podfile.lock. Run 'pod install' or update your CocoaPods installation.\" >&2\n    exit 1\nfi\n# This output is used by Xcode 'outputs' to avoid re-running this script phase.\necho \"SUCCESS\" > \"${SCRIPT_OUTPUT_FILE_0}\"\n";
			showEnvVarsInLog = 0;
		};
		97C8644A77405C7104A38371 /* [CP] Check Pods Manifest.lock */ = {
			isa = PBXShellScriptBuildPhase;
			buildActionMask = 2147483647;
			files = (
			);
			inputPaths = (
				"${PODS_PODFILE_DIR_PATH}/Podfile.lock",
				"${PODS_ROOT}/Manifest.lock",
			);
			name = "[CP] Check Pods Manifest.lock";
			outputPaths = (
				"$(DERIVED_FILE_DIR)/Pods-DatabaseSwiftTests-checkManifestLockResult.txt",
			);
			runOnlyForDeploymentPostprocessing = 0;
			shellPath = /bin/sh;
			shellScript = "diff \"${PODS_PODFILE_DIR_PATH}/Podfile.lock\" \"${PODS_ROOT}/Manifest.lock\" > /dev/null\nif [ $? != 0 ] ; then\n    # print error to STDERR\n    echo \"error: The sandbox is not in sync with the Podfile.lock. Run 'pod install' or update your CocoaPods installation.\" >&2\n    exit 1\nfi\n# This output is used by Xcode 'outputs' to avoid re-running this script phase.\necho \"SUCCESS\" > \"${SCRIPT_OUTPUT_FILE_0}\"\n";
			showEnvVarsInLog = 0;
		};
		AC5575A3F48D67C3F072424C /* [CP] Embed Pods Frameworks */ = {
			isa = PBXShellScriptBuildPhase;
			buildActionMask = 2147483647;
			files = (
			);
			inputPaths = (
				"${SRCROOT}/Pods/Target Support Files/Pods-DatabaseSwift/Pods-DatabaseSwift-frameworks.sh",
				"${BUILT_PRODUCTS_DIR}/Realm/Realm.framework",
				"${BUILT_PRODUCTS_DIR}/RealmSwift/RealmSwift.framework",
			);
			name = "[CP] Embed Pods Frameworks";
			outputPaths = (
				"${TARGET_BUILD_DIR}/${FRAMEWORKS_FOLDER_PATH}/Realm.framework",
				"${TARGET_BUILD_DIR}/${FRAMEWORKS_FOLDER_PATH}/RealmSwift.framework",
			);
			runOnlyForDeploymentPostprocessing = 0;
			shellPath = /bin/sh;
			shellScript = "\"${SRCROOT}/Pods/Target Support Files/Pods-DatabaseSwift/Pods-DatabaseSwift-frameworks.sh\"\n";
			showEnvVarsInLog = 0;
		};
		C0951F4D4668E6300E306568 /* [CP] Check Pods Manifest.lock */ = {
			isa = PBXShellScriptBuildPhase;
			buildActionMask = 2147483647;
			files = (
			);
			inputPaths = (
				"${PODS_PODFILE_DIR_PATH}/Podfile.lock",
				"${PODS_ROOT}/Manifest.lock",
			);
			name = "[CP] Check Pods Manifest.lock";
			outputPaths = (
				"$(DERIVED_FILE_DIR)/Pods-DatabaseSwiftUITests-checkManifestLockResult.txt",
			);
			runOnlyForDeploymentPostprocessing = 0;
			shellPath = /bin/sh;
			shellScript = "diff \"${PODS_PODFILE_DIR_PATH}/Podfile.lock\" \"${PODS_ROOT}/Manifest.lock\" > /dev/null\nif [ $? != 0 ] ; then\n    # print error to STDERR\n    echo \"error: The sandbox is not in sync with the Podfile.lock. Run 'pod install' or update your CocoaPods installation.\" >&2\n    exit 1\nfi\n# This output is used by Xcode 'outputs' to avoid re-running this script phase.\necho \"SUCCESS\" > \"${SCRIPT_OUTPUT_FILE_0}\"\n";
			showEnvVarsInLog = 0;
		};
/* End PBXShellScriptBuildPhase section */

/* Begin PBXSourcesBuildPhase section */
		A470368321CA4FC700063723 /* Sources */ = {
			isa = PBXSourcesBuildPhase;
			buildActionMask = 2147483647;
			files = (
				A4C60C2E21E8B9FF00A17B8E /* AddGroupViewController.swift in Sources */,
				A4C60C2421E8B63C00A17B8E /* GroupViewController.swift in Sources */,
				A47036CB21CA5A7E00063723 /* AddViewController.swift in Sources */,
				A4C60C3121E8BA7D00A17B8E /* Group.swift in Sources */,
				A47036C721CA536300063723 /* Task.swift in Sources */,
				A4C60C3E21E8D0FF00A17B8E /* FilteredViewController.swift in Sources */,
				A470368B21CA4FC700063723 /* AppDelegate.swift in Sources */,
				A47036BC21CA515C00063723 /* MainViewController.swift in Sources */,
				A47036C221CA51D700063723 /* TaskTableViewCell.swift in Sources */,
				A47036D521CA667000063723 /* TaskEntitiy.swift in Sources */,
				A4C60C3921E8C97400A17B8E /* GroupTableViewCell.swift in Sources */,
				A4C60C2921E8B65600A17B8E /* PlatesViewController.swift in Sources */,
				A47036D221CA655100063723 /* LocalTaskRepository.swift in Sources */,
				A47036CF21CA64B900063723 /* Repository.swift in Sources */,
				A4C60C3521E8C3BF00A17B8E /* GroupEntity.swift in Sources */,
				A4C60C3321E8C37E00A17B8E /* GroupRepository.swift in Sources */,
			);
			runOnlyForDeploymentPostprocessing = 0;
		};
		A470369721CA4FCB00063723 /* Sources */ = {
			isa = PBXSourcesBuildPhase;
			buildActionMask = 2147483647;
			files = (
				A47036A021CA4FCB00063723 /* DatabaseSwiftTests.swift in Sources */,
			);
			runOnlyForDeploymentPostprocessing = 0;
		};
		A47036A221CA4FCB00063723 /* Sources */ = {
			isa = PBXSourcesBuildPhase;
			buildActionMask = 2147483647;
			files = (
				A47036AB21CA4FCB00063723 /* DatabaseSwiftUITests.swift in Sources */,
			);
			runOnlyForDeploymentPostprocessing = 0;
		};
/* End PBXSourcesBuildPhase section */

/* Begin PBXTargetDependency section */
		A470369D21CA4FCB00063723 /* PBXTargetDependency */ = {
			isa = PBXTargetDependency;
			target = A470368621CA4FC700063723 /* DatabaseSwift */;
			targetProxy = A470369C21CA4FCB00063723 /* PBXContainerItemProxy */;
		};
		A47036A821CA4FCB00063723 /* PBXTargetDependency */ = {
			isa = PBXTargetDependency;
			target = A470368621CA4FC700063723 /* DatabaseSwift */;
			targetProxy = A47036A721CA4FCB00063723 /* PBXContainerItemProxy */;
		};
/* End PBXTargetDependency section */

/* Begin PBXVariantGroup section */
		A470369321CA4FCB00063723 /* LaunchScreen.storyboard */ = {
			isa = PBXVariantGroup;
			children = (
				A470369421CA4FCB00063723 /* Base */,
			);
			name = LaunchScreen.storyboard;
			sourceTree = "<group>";
		};
/* End PBXVariantGroup section */

/* Begin XCBuildConfiguration section */
		A47036AD21CA4FCB00063723 /* Debug */ = {
			isa = XCBuildConfiguration;
			buildSettings = {
				ALWAYS_SEARCH_USER_PATHS = NO;
				CLANG_ANALYZER_NONNULL = YES;
				CLANG_ANALYZER_NUMBER_OBJECT_CONVERSION = YES_AGGRESSIVE;
				CLANG_CXX_LANGUAGE_STANDARD = "gnu++14";
				CLANG_CXX_LIBRARY = "libc++";
				CLANG_ENABLE_MODULES = YES;
				CLANG_ENABLE_OBJC_ARC = YES;
				CLANG_ENABLE_OBJC_WEAK = YES;
				CLANG_WARN_BLOCK_CAPTURE_AUTORELEASING = YES;
				CLANG_WARN_BOOL_CONVERSION = YES;
				CLANG_WARN_COMMA = YES;
				CLANG_WARN_CONSTANT_CONVERSION = YES;
				CLANG_WARN_DEPRECATED_OBJC_IMPLEMENTATIONS = YES;
				CLANG_WARN_DIRECT_OBJC_ISA_USAGE = YES_ERROR;
				CLANG_WARN_DOCUMENTATION_COMMENTS = YES;
				CLANG_WARN_EMPTY_BODY = YES;
				CLANG_WARN_ENUM_CONVERSION = YES;
				CLANG_WARN_INFINITE_RECURSION = YES;
				CLANG_WARN_INT_CONVERSION = YES;
				CLANG_WARN_NON_LITERAL_NULL_CONVERSION = YES;
				CLANG_WARN_OBJC_IMPLICIT_RETAIN_SELF = YES;
				CLANG_WARN_OBJC_LITERAL_CONVERSION = YES;
				CLANG_WARN_OBJC_ROOT_CLASS = YES_ERROR;
				CLANG_WARN_RANGE_LOOP_ANALYSIS = YES;
				CLANG_WARN_STRICT_PROTOTYPES = YES;
				CLANG_WARN_SUSPICIOUS_MOVE = YES;
				CLANG_WARN_UNGUARDED_AVAILABILITY = YES_AGGRESSIVE;
				CLANG_WARN_UNREACHABLE_CODE = YES;
				CLANG_WARN__DUPLICATE_METHOD_MATCH = YES;
				CODE_SIGN_IDENTITY = "iPhone Developer";
				COPY_PHASE_STRIP = NO;
				DEBUG_INFORMATION_FORMAT = dwarf;
				ENABLE_STRICT_OBJC_MSGSEND = YES;
				ENABLE_TESTABILITY = YES;
				GCC_C_LANGUAGE_STANDARD = gnu11;
				GCC_DYNAMIC_NO_PIC = NO;
				GCC_NO_COMMON_BLOCKS = YES;
				GCC_OPTIMIZATION_LEVEL = 0;
				GCC_PREPROCESSOR_DEFINITIONS = (
					"DEBUG=1",
					"$(inherited)",
				);
				GCC_WARN_64_TO_32_BIT_CONVERSION = YES;
				GCC_WARN_ABOUT_RETURN_TYPE = YES_ERROR;
				GCC_WARN_UNDECLARED_SELECTOR = YES;
				GCC_WARN_UNINITIALIZED_AUTOS = YES_AGGRESSIVE;
				GCC_WARN_UNUSED_FUNCTION = YES;
				GCC_WARN_UNUSED_VARIABLE = YES;
				IPHONEOS_DEPLOYMENT_TARGET = 11.3;
				MTL_ENABLE_DEBUG_INFO = YES;
				ONLY_ACTIVE_ARCH = YES;
				SDKROOT = iphoneos;
				SWIFT_ACTIVE_COMPILATION_CONDITIONS = DEBUG;
				SWIFT_OPTIMIZATION_LEVEL = "-Onone";
			};
			name = Debug;
		};
		A47036AE21CA4FCB00063723 /* Release */ = {
			isa = XCBuildConfiguration;
			buildSettings = {
				ALWAYS_SEARCH_USER_PATHS = NO;
				CLANG_ANALYZER_NONNULL = YES;
				CLANG_ANALYZER_NUMBER_OBJECT_CONVERSION = YES_AGGRESSIVE;
				CLANG_CXX_LANGUAGE_STANDARD = "gnu++14";
				CLANG_CXX_LIBRARY = "libc++";
				CLANG_ENABLE_MODULES = YES;
				CLANG_ENABLE_OBJC_ARC = YES;
				CLANG_ENABLE_OBJC_WEAK = YES;
				CLANG_WARN_BLOCK_CAPTURE_AUTORELEASING = YES;
				CLANG_WARN_BOOL_CONVERSION = YES;
				CLANG_WARN_COMMA = YES;
				CLANG_WARN_CONSTANT_CONVERSION = YES;
				CLANG_WARN_DEPRECATED_OBJC_IMPLEMENTATIONS = YES;
				CLANG_WARN_DIRECT_OBJC_ISA_USAGE = YES_ERROR;
				CLANG_WARN_DOCUMENTATION_COMMENTS = YES;
				CLANG_WARN_EMPTY_BODY = YES;
				CLANG_WARN_ENUM_CONVERSION = YES;
				CLANG_WARN_INFINITE_RECURSION = YES;
				CLANG_WARN_INT_CONVERSION = YES;
				CLANG_WARN_NON_LITERAL_NULL_CONVERSION = YES;
				CLANG_WARN_OBJC_IMPLICIT_RETAIN_SELF = YES;
				CLANG_WARN_OBJC_LITERAL_CONVERSION = YES;
				CLANG_WARN_OBJC_ROOT_CLASS = YES_ERROR;
				CLANG_WARN_RANGE_LOOP_ANALYSIS = YES;
				CLANG_WARN_STRICT_PROTOTYPES = YES;
				CLANG_WARN_SUSPICIOUS_MOVE = YES;
				CLANG_WARN_UNGUARDED_AVAILABILITY = YES_AGGRESSIVE;
				CLANG_WARN_UNREACHABLE_CODE = YES;
				CLANG_WARN__DUPLICATE_METHOD_MATCH = YES;
				CODE_SIGN_IDENTITY = "iPhone Developer";
				COPY_PHASE_STRIP = NO;
				DEBUG_INFORMATION_FORMAT = "dwarf-with-dsym";
				ENABLE_NS_ASSERTIONS = NO;
				ENABLE_STRICT_OBJC_MSGSEND = YES;
				GCC_C_LANGUAGE_STANDARD = gnu11;
				GCC_NO_COMMON_BLOCKS = YES;
				GCC_WARN_64_TO_32_BIT_CONVERSION = YES;
				GCC_WARN_ABOUT_RETURN_TYPE = YES_ERROR;
				GCC_WARN_UNDECLARED_SELECTOR = YES;
				GCC_WARN_UNINITIALIZED_AUTOS = YES_AGGRESSIVE;
				GCC_WARN_UNUSED_FUNCTION = YES;
				GCC_WARN_UNUSED_VARIABLE = YES;
				IPHONEOS_DEPLOYMENT_TARGET = 11.3;
				MTL_ENABLE_DEBUG_INFO = NO;
				SDKROOT = iphoneos;
				SWIFT_COMPILATION_MODE = wholemodule;
				SWIFT_OPTIMIZATION_LEVEL = "-O";
				VALIDATE_PRODUCT = YES;
			};
			name = Release;
		};
		A47036B021CA4FCB00063723 /* Debug */ = {
			isa = XCBuildConfiguration;
			baseConfigurationReference = 9B50C44EDA2F04CF37764043 /* Pods-DatabaseSwift.debug.xcconfig */;
			buildSettings = {
				ASSETCATALOG_COMPILER_APPICON_NAME = AppIcon;
				CODE_SIGN_STYLE = Automatic;
				DEVELOPMENT_TEAM = L283WBHYKQ;
				INFOPLIST_FILE = DatabaseSwift/Info.plist;
				LD_RUNPATH_SEARCH_PATHS = (
					"$(inherited)",
					"@executable_path/Frameworks",
				);
				PRODUCT_BUNDLE_IDENTIFIER = joaquin.DatabaseSwift;
				PRODUCT_NAME = "$(TARGET_NAME)";
				SWIFT_VERSION = 4.0;
				TARGETED_DEVICE_FAMILY = "1,2";
			};
			name = Debug;
		};
		A47036B121CA4FCB00063723 /* Release */ = {
			isa = XCBuildConfiguration;
			baseConfigurationReference = 3EAA4F663413F0CF78FCCE0A /* Pods-DatabaseSwift.release.xcconfig */;
			buildSettings = {
				ASSETCATALOG_COMPILER_APPICON_NAME = AppIcon;
				CODE_SIGN_STYLE = Automatic;
				DEVELOPMENT_TEAM = L283WBHYKQ;
				INFOPLIST_FILE = DatabaseSwift/Info.plist;
				LD_RUNPATH_SEARCH_PATHS = (
					"$(inherited)",
					"@executable_path/Frameworks",
				);
				PRODUCT_BUNDLE_IDENTIFIER = joaquin.DatabaseSwift;
				PRODUCT_NAME = "$(TARGET_NAME)";
				SWIFT_VERSION = 4.0;
				TARGETED_DEVICE_FAMILY = "1,2";
			};
			name = Release;
		};
		A47036B321CA4FCB00063723 /* Debug */ = {
			isa = XCBuildConfiguration;
			baseConfigurationReference = 9C9253225C21128B02C5C49D /* Pods-DatabaseSwiftTests.debug.xcconfig */;
			buildSettings = {
				ALWAYS_EMBED_SWIFT_STANDARD_LIBRARIES = YES;
				BUNDLE_LOADER = "$(TEST_HOST)";
				CODE_SIGN_STYLE = Automatic;
				DEVELOPMENT_TEAM = L283WBHYKQ;
				INFOPLIST_FILE = DatabaseSwiftTests/Info.plist;
				LD_RUNPATH_SEARCH_PATHS = (
					"$(inherited)",
					"@executable_path/Frameworks",
					"@loader_path/Frameworks",
				);
				PRODUCT_BUNDLE_IDENTIFIER = joaquin.DatabaseSwiftTests;
				PRODUCT_NAME = "$(TARGET_NAME)";
				SWIFT_VERSION = 4.0;
				TARGETED_DEVICE_FAMILY = "1,2";
				TEST_HOST = "$(BUILT_PRODUCTS_DIR)/DatabaseSwift.app/DatabaseSwift";
			};
			name = Debug;
		};
		A47036B421CA4FCB00063723 /* Release */ = {
			isa = XCBuildConfiguration;
			baseConfigurationReference = 9B8362B5D03584CF652394BE /* Pods-DatabaseSwiftTests.release.xcconfig */;
			buildSettings = {
				ALWAYS_EMBED_SWIFT_STANDARD_LIBRARIES = YES;
				BUNDLE_LOADER = "$(TEST_HOST)";
				CODE_SIGN_STYLE = Automatic;
				DEVELOPMENT_TEAM = L283WBHYKQ;
				INFOPLIST_FILE = DatabaseSwiftTests/Info.plist;
				LD_RUNPATH_SEARCH_PATHS = (
					"$(inherited)",
					"@executable_path/Frameworks",
					"@loader_path/Frameworks",
				);
				PRODUCT_BUNDLE_IDENTIFIER = joaquin.DatabaseSwiftTests;
				PRODUCT_NAME = "$(TARGET_NAME)";
				SWIFT_VERSION = 4.0;
				TARGETED_DEVICE_FAMILY = "1,2";
				TEST_HOST = "$(BUILT_PRODUCTS_DIR)/DatabaseSwift.app/DatabaseSwift";
			};
			name = Release;
		};
		A47036B621CA4FCB00063723 /* Debug */ = {
			isa = XCBuildConfiguration;
			baseConfigurationReference = FF9CC1FD29EEB19F30ADBA2C /* Pods-DatabaseSwiftUITests.debug.xcconfig */;
			buildSettings = {
				ALWAYS_EMBED_SWIFT_STANDARD_LIBRARIES = YES;
				CODE_SIGN_STYLE = Automatic;
				DEVELOPMENT_TEAM = L283WBHYKQ;
				INFOPLIST_FILE = DatabaseSwiftUITests/Info.plist;
				LD_RUNPATH_SEARCH_PATHS = (
					"$(inherited)",
					"@executable_path/Frameworks",
					"@loader_path/Frameworks",
				);
				PRODUCT_BUNDLE_IDENTIFIER = joaquin.DatabaseSwiftUITests;
				PRODUCT_NAME = "$(TARGET_NAME)";
				SWIFT_VERSION = 4.0;
				TARGETED_DEVICE_FAMILY = "1,2";
				TEST_TARGET_NAME = DatabaseSwift;
			};
			name = Debug;
		};
		A47036B721CA4FCB00063723 /* Release */ = {
			isa = XCBuildConfiguration;
			baseConfigurationReference = E62F64D509B4D59C6DBF5D0E /* Pods-DatabaseSwiftUITests.release.xcconfig */;
			buildSettings = {
				ALWAYS_EMBED_SWIFT_STANDARD_LIBRARIES = YES;
				CODE_SIGN_STYLE = Automatic;
				DEVELOPMENT_TEAM = L283WBHYKQ;
				INFOPLIST_FILE = DatabaseSwiftUITests/Info.plist;
				LD_RUNPATH_SEARCH_PATHS = (
					"$(inherited)",
					"@executable_path/Frameworks",
					"@loader_path/Frameworks",
				);
				PRODUCT_BUNDLE_IDENTIFIER = joaquin.DatabaseSwiftUITests;
				PRODUCT_NAME = "$(TARGET_NAME)";
				SWIFT_VERSION = 4.0;
				TARGETED_DEVICE_FAMILY = "1,2";
				TEST_TARGET_NAME = DatabaseSwift;
			};
			name = Release;
		};
/* End XCBuildConfiguration section */

/* Begin XCConfigurationList section */
		A470368221CA4FC700063723 /* Build configuration list for PBXProject "DatabaseSwift" */ = {
			isa = XCConfigurationList;
			buildConfigurations = (
				A47036AD21CA4FCB00063723 /* Debug */,
				A47036AE21CA4FCB00063723 /* Release */,
			);
			defaultConfigurationIsVisible = 0;
			defaultConfigurationName = Release;
		};
		A47036AF21CA4FCB00063723 /* Build configuration list for PBXNativeTarget "DatabaseSwift" */ = {
			isa = XCConfigurationList;
			buildConfigurations = (
				A47036B021CA4FCB00063723 /* Debug */,
				A47036B121CA4FCB00063723 /* Release */,
			);
			defaultConfigurationIsVisible = 0;
			defaultConfigurationName = Release;
		};
		A47036B221CA4FCB00063723 /* Build configuration list for PBXNativeTarget "DatabaseSwiftTests" */ = {
			isa = XCConfigurationList;
			buildConfigurations = (
				A47036B321CA4FCB00063723 /* Debug */,
				A47036B421CA4FCB00063723 /* Release */,
			);
			defaultConfigurationIsVisible = 0;
			defaultConfigurationName = Release;
		};
		A47036B521CA4FCB00063723 /* Build configuration list for PBXNativeTarget "DatabaseSwiftUITests" */ = {
			isa = XCConfigurationList;
			buildConfigurations = (
				A47036B621CA4FCB00063723 /* Debug */,
				A47036B721CA4FCB00063723 /* Release */,
			);
			defaultConfigurationIsVisible = 0;
			defaultConfigurationName = Release;
		};
/* End XCConfigurationList section */
	};
	rootObject = A470367F21CA4FC700063723 /* Project object */;
}
